
Microsoft Visual Studio Solution File, Format Version 12.00
# Visual Studio Version 17
VisualStudioVersion = 17.14.36811.4
MinimumVisualStudioVersion = 10.0.40219.1
Project("{FAE04EC0-301F-11D3-BF4B-00C04F79EFBC}") = "RAGbackend", "RAGbackend.csproj", "{64C4B067-BAD5-44C1-8C02-F4CB70D7A0F0}"
EndProject
Project("{FAE04EC0-301F-11D3-BF4B-00C04F79EFBC}") = "RAGMovieApp", "..\RAGMovieApp\RAGMovieApp.csproj", "{6065F671-D740-4FF9-940A-4CA7AB133480}"
EndProject
Global
	GlobalSection(SolutionConfigurationPlatforms) = preSolution
		Debug|Any CPU = Debug|Any CPU
		Release|Any CPU = Release|Any CPU
	EndGlobalSection
	GlobalSection(ProjectConfigurationPlatforms) = postSolution
		{64C4B067-BAD5-44C1-8C02-F4CB70D7A0F0}.Debug|Any CPU.ActiveCfg = Debug|Any CPU
		{64C4B067-BAD5-44C1-8C02-F4CB70D7A0F0}.Debug|Any CPU.Build.0 = Debug|Any CPU
		{64C4B067-BAD5-44C1-8C02-F4CB70D7A0F0}.Release|Any CPU.ActiveCfg = Release|Any CPU
		{64C4B067-BAD5-44C1-8C02-F4CB70D7A0F0}.Release|Any CPU.Build.0 = Release|Any CPU
		{6065F671-D740-4FF9-940A-4CA7AB133480}.Debug|Any CPU.ActiveCfg = Debug|Any CPU
		{6065F671-D740-4FF9-940A-4CA7AB133480}.Debug|Any CPU.Build.0 = Debug|Any CPU
		{6065F671-D740-4FF9-940A-4CA7AB133480}.Release|Any CPU.ActiveCfg = Release|Any CPU
		{6065F671-D740-4FF9-940A-4CA7AB133480}.Release|Any CPU.Build.0 = Release|Any CPU
	EndGlobalSection
	GlobalSection(SolutionProperties) = preSolution
		HideSolutionNode = FALSE
	EndGlobalSection
	GlobalSection(ExtensibilityGlobals) = postSolution
		SolutionGuid = {921027C6-6AEE-4F07-B78F-830131470A71}
	EndGlobalSection
EndGlobal
